// !$*UTF8*$!
{
	archiveVersion = 1;
	classes = {
	};
	objectVersion = 46;
	objects = {

/* Begin PBXBuildFile section */
		5D1F27D61D99976A006DED74 /* detailViewController.swift in Sources */ = {isa = PBXBuildFile; fileRef = 5D1F27D51D99976A006DED74 /* detailViewController.swift */; };
		5D4E2A671D9A63BC0036F2A3 /* Restaurant.swift in Sources */ = {isa = PBXBuildFile; fileRef = 5D4E2A661D9A63BC0036F2A3 /* Restaurant.swift */; };
		5D4E2A691D9A789E0036F2A3 /* RestaurantCustomTableViewCell1.swift in Sources */ = {isa = PBXBuildFile; fileRef = 5D4E2A681D9A789E0036F2A3 /* RestaurantCustomTableViewCell1.swift */; };
		5D4E2A6B1D9A78F00036F2A3 /* RestaurantCustomTableViewCell2.swift in Sources */ = {isa = PBXBuildFile; fileRef = 5D4E2A6A1D9A78F00036F2A3 /* RestaurantCustomTableViewCell2.swift */; };
		5D5079E71D9D7410006E3B00 /* MapKit.framework in Frameworks */ = {isa = PBXBuildFile; fileRef = 5D5079E61D9D7410006E3B00 /* MapKit.framework */; };
		5D5079E91D9D756C006E3B00 /* MapViewController.swift in Sources */ = {isa = PBXBuildFile; fileRef = 5D5079E81D9D756C006E3B00 /* MapViewController.swift */; };
		5D86F94C1D9543660081502D /* AppDelegate.swift in Sources */ = {isa = PBXBuildFile; fileRef = 5D86F94B1D9543660081502D /* AppDelegate.swift */; };
		5D86F9511D9543660081502D /* Main.storyboard in Resources */ = {isa = PBXBuildFile; fileRef = 5D86F94F1D9543660081502D /* Main.storyboard */; };
		5D86F9531D9543660081502D /* Assets.xcassets in Resources */ = {isa = PBXBuildFile; fileRef = 5D86F9521D9543660081502D /* Assets.xcassets */; };
		5D86F9561D9543660081502D /* LaunchScreen.storyboard in Resources */ = {isa = PBXBuildFile; fileRef = 5D86F9541D9543660081502D /* LaunchScreen.storyboard */; };
		5D86F95E1D9544020081502D /* Restaurants.swift in Sources */ = {isa = PBXBuildFile; fileRef = 5D86F95D1D9544020081502D /* Restaurants.swift */; };
		5D86F9601D955FD90081502D /* CustomTableViewCell.swift in Sources */ = {isa = PBXBuildFile; fileRef = 5D86F95F1D955FD90081502D /* CustomTableViewCell.swift */; };
		5D8A812B1D9BDA0E0014EB06 /* RateViewController.swift in Sources */ = {isa = PBXBuildFile; fileRef = 5D8A812A1D9BDA0E0014EB06 /* RateViewController.swift */; };
		F2968F221DA1AC3300EE9205 /* AddRestaurantTableViewController.swift in Sources */ = {isa = PBXBuildFile; fileRef = F2968F211DA1AC3300EE9205 /* AddRestaurantTableViewController.swift */; };
/* End PBXBuildFile section */

/* Begin PBXFileReference section */
		5D1F27D51D99976A006DED74 /* detailViewController.swift */ = {isa = PBXFileReference; fileEncoding = 4; lastKnownFileType = sourcecode.swift; path = detailViewController.swift; sourceTree = "<group>"; };
		5D4E2A661D9A63BC0036F2A3 /* Restaurant.swift */ = {isa = PBXFileReference; fileEncoding = 4; lastKnownFileType = sourcecode.swift; path = Restaurant.swift; sourceTree = "<group>"; };
		5D4E2A681D9A789E0036F2A3 /* RestaurantCustomTableViewCell1.swift */ = {isa = PBXFileReference; fileEncoding = 4; lastKnownFileType = sourcecode.swift; path = RestaurantCustomTableViewCell1.swift; sourceTree = "<group>"; };
		5D4E2A6A1D9A78F00036F2A3 /* RestaurantCustomTableViewCell2.swift */ = {isa = PBXFileReference; fileEncoding = 4; lastKnownFileType = sourcecode.swift; path = RestaurantCustomTableViewCell2.swift; sourceTree = "<group>"; };
		5D5079E61D9D7410006E3B00 /* MapKit.framework */ = {isa = PBXFileReference; lastKnownFileType = wrapper.framework; name = MapKit.framework; path = System/Library/Frameworks/MapKit.framework; sourceTree = SDKROOT; };
		5D5079E81D9D756C006E3B00 /* MapViewController.swift */ = {isa = PBXFileReference; fileEncoding = 4; lastKnownFileType = sourcecode.swift; path = MapViewController.swift; sourceTree = "<group>"; };
		5D86F9481D9543660081502D /* RestTV.app */ = {isa = PBXFileReference; explicitFileType = wrapper.application; includeInIndex = 0; path = RestTV.app; sourceTree = BUILT_PRODUCTS_DIR; };
		5D86F94B1D9543660081502D /* AppDelegate.swift */ = {isa = PBXFileReference; lastKnownFileType = sourcecode.swift; path = AppDelegate.swift; sourceTree = "<group>"; };
		5D86F9501D9543660081502D /* Base */ = {isa = PBXFileReference; lastKnownFileType = file.storyboard; name = Base; path = Base.lproj/Main.storyboard; sourceTree = "<group>"; };
		5D86F9521D9543660081502D /* Assets.xcassets */ = {isa = PBXFileReference; lastKnownFileType = folder.assetcatalog; path = Assets.xcassets; sourceTree = "<group>"; };
		5D86F9551D9543660081502D /* Base */ = {isa = PBXFileReference; lastKnownFileType = file.storyboard; name = Base; path = Base.lproj/LaunchScreen.storyboard; sourceTree = "<group>"; };
		5D86F9571D9543660081502D /* Info.plist */ = {isa = PBXFileReference; lastKnownFileType = text.plist.xml; path = Info.plist; sourceTree = "<group>"; };
		5D86F95D1D9544020081502D /* Restaurants.swift */ = {isa = PBXFileReference; fileEncoding = 4; lastKnownFileType = sourcecode.swift; name = Restaurants.swift; path = ../Restaurants.swift; sourceTree = "<group>"; };
		5D86F95F1D955FD90081502D /* CustomTableViewCell.swift */ = {isa = PBXFileReference; fileEncoding = 4; lastKnownFileType = sourcecode.swift; path = CustomTableViewCell.swift; sourceTree = "<group>"; };
		5D8A812A1D9BDA0E0014EB06 /* RateViewController.swift */ = {isa = PBXFileReference; fileEncoding = 4; lastKnownFileType = sourcecode.swift; path = RateViewController.swift; sourceTree = "<group>"; };
		F2968F211DA1AC3300EE9205 /* AddRestaurantTableViewController.swift */ = {isa = PBXFileReference; fileEncoding = 4; lastKnownFileType = sourcecode.swift; path = AddRestaurantTableViewController.swift; sourceTree = "<group>"; };
/* End PBXFileReference section */

/* Begin PBXFrameworksBuildPhase section */
		5D86F9451D9543660081502D /* Frameworks */ = {
			isa = PBXFrameworksBuildPhase;
			buildActionMask = 2147483647;
			files = (
				5D5079E71D9D7410006E3B00 /* MapKit.framework in Frameworks */,
			);
			runOnlyForDeploymentPostprocessing = 0;
		};
/* End PBXFrameworksBuildPhase section */

/* Begin PBXGroup section */
		5D495D3B1D9ADF86008AFDEF /* Detail */ = {
			isa = PBXGroup;
			children = (
				5D4E2A6A1D9A78F00036F2A3 /* RestaurantCustomTableViewCell2.swift */,
				5D4E2A681D9A789E0036F2A3 /* RestaurantCustomTableViewCell1.swift */,
				5D1F27D51D99976A006DED74 /* detailViewController.swift */,
			);
			name = Detail;
			sourceTree = "<group>";
		};
		5D495D3C1D9ADFAF008AFDEF /* MainTable */ = {
			isa = PBXGroup;
			children = (
				5D86F95F1D955FD90081502D /* CustomTableViewCell.swift */,
				5D86F95D1D9544020081502D /* Restaurants.swift */,
			);
			name = MainTable;
			sourceTree = "<group>";
		};
		5D5079E51D9D7410006E3B00 /* Frameworks */ = {
			isa = PBXGroup;
			children = (
				5D5079E61D9D7410006E3B00 /* MapKit.framework */,
			);
			name = Frameworks;
			sourceTree = "<group>";
		};
		5D86F93F1D9543660081502D = {
			isa = PBXGroup;
			children = (
				5D86F94A1D9543660081502D /* RestTV */,
				5D86F9491D9543660081502D /* Products */,
				5D5079E51D9D7410006E3B00 /* Frameworks */,
			);
			sourceTree = "<group>";
		};
		5D86F9491D9543660081502D /* Products */ = {
			isa = PBXGroup;
			children = (
				5D86F9481D9543660081502D /* RestTV.app */,
			);
			name = Products;
			sourceTree = "<group>";
		};
		5D86F94A1D9543660081502D /* RestTV */ = {
			isa = PBXGroup;
			children = (
				5D86F94B1D9543660081502D /* AppDelegate.swift */,
				5D86F94F1D9543660081502D /* Main.storyboard */,
				F2968F211DA1AC3300EE9205 /* AddRestaurantTableViewController.swift */,
				5D5079E81D9D756C006E3B00 /* MapViewController.swift */,
				5D8A812A1D9BDA0E0014EB06 /* RateViewController.swift */,
				5D495D3B1D9ADF86008AFDEF /* Detail */,
				5D495D3C1D9ADFAF008AFDEF /* MainTable */,
				5D4E2A661D9A63BC0036F2A3 /* Restaurant.swift */,
				5D86F9521D9543660081502D /* Assets.xcassets */,
				5D86F9541D9543660081502D /* LaunchScreen.storyboard */,
				5D86F9571D9543660081502D /* Info.plist */,
			);
			path = RestTV;
			sourceTree = "<group>";
		};
/* End PBXGroup section */

/* Begin PBXNativeTarget section */
		5D86F9471D9543660081502D /* RestTV */ = {
			isa = PBXNativeTarget;
			buildConfigurationList = 5D86F95A1D9543660081502D /* Build configuration list for PBXNativeTarget "RestTV" */;
			buildPhases = (
				5D86F9441D9543660081502D /* Sources */,
				5D86F9451D9543660081502D /* Frameworks */,
				5D86F9461D9543660081502D /* Resources */,
			);
			buildRules = (
			);
			dependencies = (
			);
			name = RestTV;
			productName = RestTV;
			productReference = 5D86F9481D9543660081502D /* RestTV.app */;
			productType = "com.apple.product-type.application";
		};
/* End PBXNativeTarget section */

/* Begin PBXProject section */
		5D86F9401D9543660081502D /* Project object */ = {
			isa = PBXProject;
			attributes = {
				LastSwiftUpdateCheck = 0800;
				LastUpgradeCheck = 0800;
				ORGANIZATIONNAME = Anastasia;
				TargetAttributes = {
					5D86F9471D9543660081502D = {
						CreatedOnToolsVersion = 8.0;
						ProvisioningStyle = Automatic;
						SystemCapabilities = {
							com.apple.Maps.iOS = {
								enabled = 1;
							};
						};
					};
				};
			};
			buildConfigurationList = 5D86F9431D9543660081502D /* Build configuration list for PBXProject "RestTV" */;
			compatibilityVersion = "Xcode 3.2";
			developmentRegion = English;
			hasScannedForEncodings = 0;
			knownRegions = (
				en,
				Base,
			);
			mainGroup = 5D86F93F1D9543660081502D;
			productRefGroup = 5D86F9491D9543660081502D /* Products */;
			projectDirPath = "";
			projectRoot = "";
			targets = (
				5D86F9471D9543660081502D /* RestTV */,
			);
		};
/* End PBXProject section */

/* Begin PBXResourcesBuildPhase section */
		5D86F9461D9543660081502D /* Resources */ = {
			isa = PBXResourcesBuildPhase;
			buildActionMask = 2147483647;
			files = (
				5D86F9561D9543660081502D /* LaunchScreen.storyboard in Resources */,
				5D86F9531D9543660081502D /* Assets.xcassets in Resources */,
				5D86F9511D9543660081502D /* Main.storyboard in Resources */,
			);
			runOnlyForDeploymentPostprocessing = 0;
		};
/* End PBXResourcesBuildPhase section */

/* Begin PBXSourcesBuildPhase section */
		5D86F9441D9543660081502D /* Sources */ = {
			isa = PBXSourcesBuildPhase;
			buildActionMask = 2147483647;
			files = (
				F2968F221DA1AC3300EE9205 /* AddRestaurantTableViewController.swift in Sources */,
				5D4E2A671D9A63BC0036F2A3 /* Restaurant.swift in Sources */,
				5D86F9601D955FD90081502D /* CustomTableViewCell.swift in Sources */,
				5D86F95E1D9544020081502D /* Restaurants.swift in Sources */,
				5D4E2A691D9A789E0036F2A3 /* RestaurantCustomTableViewCell1.swift in Sources */,
				5D5079E91D9D756C006E3B00 /* MapViewController.swift in Sources */,
				5D4E2A6B1D9A78F00036F2A3 /* RestaurantCustomTableViewCell2.swift in Sources */,
				5D86F94C1D9543660081502D /* AppDelegate.swift in Sources */,
				5D8A812B1D9BDA0E0014EB06 /* RateViewController.swift in Sources */,
				5D1F27D61D99976A006DED74 /* detailViewController.swift in Sources */,
			);
			runOnlyForDeploymentPostprocessing = 0;
		};
/* End PBXSourcesBuildPhase section */

/* Begin PBXVariantGroup section */
		5D86F94F1D9543660081502D /* Main.storyboard */ = {
			isa = PBXVariantGroup;
			children = (
				5D86F9501D9543660081502D /* Base */,
			);
			name = Main.storyboard;
			sourceTree = "<group>";
		};
		5D86F9541D9543660081502D /* LaunchScreen.storyboard */ = {
			isa = PBXVariantGroup;
			children = (
				5D86F9551D9543660081502D /* Base */,
			);
			name = LaunchScreen.storyboard;
			sourceTree = "<group>";
		};
/* End PBXVariantGroup section */

/* Begin XCBuildConfiguration section */
		5D86F9581D9543660081502D /* Debug */ = {
			isa = XCBuildConfiguration;
			buildSettings = {
				ALWAYS_SEARCH_USER_PATHS = NO;
				CLANG_ANALYZER_NONNULL = YES;
				CLANG_CXX_LANGUAGE_STANDARD = "gnu++0x";
				CLANG_CXX_LIBRARY = "libc++";
				CLANG_ENABLE_MODULES = YES;
				CLANG_ENABLE_OBJC_ARC = YES;
				CLANG_WARN_BOOL_CONVERSION = YES;
				CLANG_WARN_CONSTANT_CONVERSION = YES;
				CLANG_WARN_DIRECT_OBJC_ISA_USAGE = YES_ERROR;
				CLANG_WARN_DOCUMENTATION_COMMENTS = YES;
				CLANG_WARN_EMPTY_BODY = YES;
				CLANG_WARN_ENUM_CONVERSION = YES;
				CLANG_WARN_INFINITE_RECURSION = YES;
				CLANG_WARN_INT_CONVERSION = YES;
				CLANG_WARN_OBJC_ROOT_CLASS = YES_ERROR;
				CLANG_WARN_SUSPICIOUS_MOVES = YES;
				CLANG_WARN_UNREACHABLE_CODE = YES;
				CLANG_WARN__DUPLICATE_METHOD_MATCH = YES;
				"CODE_SIGN_IDENTITY[sdk=iphoneos*]" = "iPhone Developer";
				COPY_PHASE_STRIP = NO;
				DEBUG_INFORMATION_FORMAT = dwarf;
				ENABLE_STRICT_OBJC_MSGSEND = YES;
				ENABLE_TESTABILITY = YES;
				GCC_C_LANGUAGE_STANDARD = gnu99;
				GCC_DYNAMIC_NO_PIC = NO;
				GCC_NO_COMMON_BLOCKS = YES;
				GCC_OPTIMIZATION_LEVEL = 0;
				GCC_PREPROCESSOR_DEFINITIONS = (
					"DEBUG=1",
					"$(inherited)",
				);
				GCC_WARN_64_TO_32_BIT_CONVERSION = YES;
				GCC_WARN_ABOUT_RETURN_TYPE = YES_ERROR;
				GCC_WARN_UNDECLARED_SELECTOR = YES;
				GCC_WARN_UNINITIALIZED_AUTOS = YES_AGGRESSIVE;
				GCC_WARN_UNUSED_FUNCTION = YES;
				GCC_WARN_UNUSED_VARIABLE = YES;
				IPHONEOS_DEPLOYMENT_TARGET = 10.0;
				MTL_ENABLE_DEBUG_INFO = YES;
				ONLY_ACTIVE_ARCH = YES;
				SDKROOT = iphoneos;
				SWIFT_ACTIVE_COMPILATION_CONDITIONS = DEBUG;
				SWIFT_OPTIMIZATION_LEVEL = "-Onone";
				TARGETED_DEVICE_FAMILY = "1,2";
			};
			name = Debug;
		};
		5D86F9591D9543660081502D /* Release */ = {
			isa = XCBuildConfiguration;
			buildSettings = {
				ALWAYS_SEARCH_USER_PATHS = NO;
				CLANG_ANALYZER_NONNULL = YES;
				CLANG_CXX_LANGUAGE_STANDARD = "gnu++0x";
				CLANG_CXX_LIBRARY = "libc++";
				CLANG_ENABLE_MODULES = YES;
				CLANG_ENABLE_OBJC_ARC = YES;
				CLANG_WARN_BOOL_CONVERSION = YES;
				CLANG_WARN_CONSTANT_CONVERSION = YES;
				CLANG_WARN_DIRECT_OBJC_ISA_USAGE = YES_ERROR;
				CLANG_WARN_DOCUMENTATION_COMMENTS = YES;
				CLANG_WARN_EMPTY_BODY = YES;
				CLANG_WARN_ENUM_CONVERSION = YES;
				CLANG_WARN_INFINITE_RECURSION = YES;
				CLANG_WARN_INT_CONVERSION = YES;
				CLANG_WARN_OBJC_ROOT_CLASS = YES_ERROR;
				CLANG_WARN_SUSPICIOUS_MOVES = YES;
				CLANG_WARN_UNREACHABLE_CODE = YES;
				CLANG_WARN__DUPLICATE_METHOD_MATCH = YES;
				"CODE_SIGN_IDENTITY[sdk=iphoneos*]" = "iPhone Developer";
				COPY_PHASE_STRIP = NO;
				DEBUG_INFORMATION_FORMAT = "dwarf-with-dsym";
				ENABLE_NS_ASSERTIONS = NO;
				ENABLE_STRICT_OBJC_MSGSEND = YES;
				GCC_C_LANGUAGE_STANDARD = gnu99;
				GCC_NO_COMMON_BLOCKS = YES;
				GCC_WARN_64_TO_32_BIT_CONVERSION = YES;
				GCC_WARN_ABOUT_RETURN_TYPE = YES_ERROR;
				GCC_WARN_UNDECLARED_SELECTOR = YES;
				GCC_WARN_UNINITIALIZED_AUTOS = YES_AGGRESSIVE;
				GCC_WARN_UNUSED_FUNCTION = YES;
				GCC_WARN_UNUSED_VARIABLE = YES;
				IPHONEOS_DEPLOYMENT_TARGET = 10.0;
				MTL_ENABLE_DEBUG_INFO = NO;
				SDKROOT = iphoneos;
				SWIFT_OPTIMIZATION_LEVEL = "-Owholemodule";
				TARGETED_DEVICE_FAMILY = "1,2";
				VALIDATE_PRODUCT = YES;
			};
			name = Release;
		};
		5D86F95B1D9543660081502D /* Debug */ = {
			isa = XCBuildConfiguration;
			buildSettings = {
				ASSETCATALOG_COMPILER_APPICON_NAME = AppIcon;
				INFOPLIST_FILE = RestTV/Info.plist;
				LD_RUNPATH_SEARCH_PATHS = "$(inherited) @executable_path/Frameworks";
				PRODUCT_BUNDLE_IDENTIFIER = Anastasia.RestTV;
				PRODUCT_NAME = "$(TARGET_NAME)";
				SWIFT_VERSION = 3.0;
			};
			name = Debug;
		};
		5D86F95C1D9543660081502D /* Release */ = {
			isa = XCBuildConfiguration;
			buildSettings = {
				ASSETCATALOG_COMPILER_APPICON_NAME = AppIcon;
				INFOPLIST_FILE = RestTV/Info.plist;
				LD_RUNPATH_SEARCH_PATHS = "$(inherited) @executable_path/Frameworks";
				PRODUCT_BUNDLE_IDENTIFIER = Anastasia.RestTV;
				PRODUCT_NAME = "$(TARGET_NAME)";
				SWIFT_VERSION = 3.0;
			};
			name = Release;
		};
/* End XCBuildConfiguration section */

/* Begin XCConfigurationList section */
		5D86F9431D9543660081502D /* Build configuration list for PBXProject "RestTV" */ = {
			isa = XCConfigurationList;
			buildConfigurations = (
				5D86F9581D9543660081502D /* Debug */,
				5D86F9591D9543660081502D /* Release */,
			);
			defaultConfigurationIsVisible = 0;
			defaultConfigurationName = Release;
		};
		5D86F95A1D9543660081502D /* Build configuration list for PBXNativeTarget "RestTV" */ = {
			isa = XCConfigurationList;
			buildConfigurations = (
				5D86F95B1D9543660081502D /* Debug */,
				5D86F95C1D9543660081502D /* Release */,
			);
			defaultConfigurationIsVisible = 0;
			defaultConfigurationName = Release;
		};
/* End XCConfigurationList section */
	};
	rootObject = 5D86F9401D9543660081502D /* Project object */;
}
